
Microsoft Visual Studio Solution File, Format Version 12.00
# Visual Studio Version 17
VisualStudioVersion = 17.2.32616.157
MinimumVisualStudioVersion = 10.0.40219.1
Project("{FAE04EC0-301F-11D3-BF4B-00C04F79EFBC}") = "QLVR", "QLVR\QLVR.csproj", "{F42C437F-A741-4916-A1A4-1AC5421AD252}"
EndProject
Global
	GlobalSection(SolutionConfigurationPlatforms) = preSolution
		Debug|Any CPU = Debug|Any CPU
		Release|Any CPU = Release|Any CPU
	EndGlobalSection
	GlobalSection(ProjectConfigurationPlatforms) = postSolution
		{F42C437F-A741-4916-A1A4-1AC5421AD252}.Debug|Any CPU.ActiveCfg = Debug|Any CPU
		{F42C437F-A741-4916-A1A4-1AC5421AD252}.Debug|Any CPU.Build.0 = Debug|Any CPU
		{F42C437F-A741-4916-A1A4-1AC5421AD252}.Release|Any CPU.ActiveCfg = Release|Any CPU
		{F42C437F-A741-4916-A1A4-1AC5421AD252}.Release|Any CPU.Build.0 = Release|Any CPU
	EndGlobalSection
	GlobalSection(SolutionProperties) = preSolution
		HideSolutionNode = FALSE
	EndGlobalSection
	GlobalSection(ExtensibilityGlobals) = postSolution
		SolutionGuid = {D1CDCD4D-328C-4B1A-BCC3-597B14CE1B88}
	EndGlobalSection
EndGlobal
